
Microsoft Visual Studio Solution File, Format Version 12.00
# Visual Studio Version 16
VisualStudioVersion = 16.0.32510.428
MinimumVisualStudioVersion = 10.0.40219.1
Project("{8BC9CEB8-8B4A-11D0-8D11-00A0C91BC942}") = "MAX", "MAX\MAX.vcxproj", "{27B08C69-09BE-4C7B-9A22-9D34E20B6342}"
EndProject
Global
	GlobalSection(SolutionConfigurationPlatforms) = preSolution
		Debug|x64 = Debug|x64
		Debug|x86 = Debug|x86
		Release|x64 = Release|x64
		Release|x86 = Release|x86
	EndGlobalSection
	GlobalSection(ProjectConfigurationPlatforms) = postSolution
		{27B08C69-09BE-4C7B-9A22-9D34E20B6342}.Debug|x64.ActiveCfg = Debug|x64
		{27B08C69-09BE-4C7B-9A22-9D34E20B6342}.Debug|x64.Build.0 = Debug|x64
		{27B08C69-09BE-4C7B-9A22-9D34E20B6342}.Debug|x86.ActiveCfg = Debug|Win32
		{27B08C69-09BE-4C7B-9A22-9D34E20B6342}.Debug|x86.Build.0 = Debug|Win32
		{27B08C69-09BE-4C7B-9A22-9D34E20B6342}.Release|x64.ActiveCfg = Release|x64
		{27B08C69-09BE-4C7B-9A22-9D34E20B6342}.Release|x64.Build.0 = Release|x64
		{27B08C69-09BE-4C7B-9A22-9D34E20B6342}.Release|x86.ActiveCfg = Release|Win32
		{27B08C69-09BE-4C7B-9A22-9D34E20B6342}.Release|x86.Build.0 = Release|Win32
	EndGlobalSection
	GlobalSection(SolutionProperties) = preSolution
		HideSolutionNode = FALSE
	EndGlobalSection
	GlobalSection(ExtensibilityGlobals) = postSolution
		SolutionGuid = {9D1A0FA3-164D-41AA-BCBD-633959C5A6FE}
	EndGlobalSection
EndGlobal
